
Microsoft Visual Studio Solution File, Format Version 12.00
# Visual Studio Version 17
VisualStudioVersion = 17.0.31903.59
MinimumVisualStudioVersion = 10.0.40219.1
Project("{2150E333-8FDC-42A3-9474-1A3956D46DE8}") = "src", "src", "{827E0CD3-B72D-47B6-A68D-7590B98EB39B}"
EndProject
Project("{FAE04EC0-301F-11D3-BF4B-00C04F79EFBC}") = "InsertPlay.Core", "src\InsertPlay.Core\InsertPlay.Core.csproj", "{D5A92BB3-BFF9-461F-A8BB-DE483528A45B}"
EndProject
Project("{FAE04EC0-301F-11D3-BF4B-00C04F79EFBC}") = "InsertPlay.Windows", "src\InsertPlay.Windows\InsertPlay.Windows.csproj", "{AE1870F2-6246-457E-9B70-635A705AF6D9}"
EndProject
Project("{FAE04EC0-301F-11D3-BF4B-00C04F79EFBC}") = "InsertPlay.Linux", "src\InsertPlay.Linux\InsertPlay.Linux.csproj", "{AC1997F4-115A-4571-BAB4-9A9EAA488B2E}"
EndProject
Project("{FAE04EC0-301F-11D3-BF4B-00C04F79EFBC}") = "InsertPlay.Service", "src\InsertPlay.Service\InsertPlay.Service.csproj", "{448A5DE8-3218-4AAA-9199-087720E6FD6F}"
EndProject
Project("{2150E333-8FDC-42A3-9474-1A3956D46DE8}") = "tests", "tests", "{0AB3BF05-4346-4AA6-1389-037BE0695223}"
EndProject
Project("{FAE04EC0-301F-11D3-BF4B-00C04F79EFBC}") = "InsertPlay.Core.Tests", "tests\InsertPlay.Core.Tests\InsertPlay.Core.Tests.csproj", "{9B3D6625-3EC3-4636-95AF-1D819EAD9B3E}"
EndProject
Global
	GlobalSection(SolutionConfigurationPlatforms) = preSolution
		Debug|Any CPU = Debug|Any CPU
		Debug|x64 = Debug|x64
		Debug|x86 = Debug|x86
		Release|Any CPU = Release|Any CPU
		Release|x64 = Release|x64
		Release|x86 = Release|x86
	EndGlobalSection
	GlobalSection(ProjectConfigurationPlatforms) = postSolution
		{D5A92BB3-BFF9-461F-A8BB-DE483528A45B}.Debug|Any CPU.ActiveCfg = Debug|Any CPU
		{D5A92BB3-BFF9-461F-A8BB-DE483528A45B}.Debug|Any CPU.Build.0 = Debug|Any CPU
		{D5A92BB3-BFF9-461F-A8BB-DE483528A45B}.Debug|x64.ActiveCfg = Debug|Any CPU
		{D5A92BB3-BFF9-461F-A8BB-DE483528A45B}.Debug|x64.Build.0 = Debug|Any CPU
		{D5A92BB3-BFF9-461F-A8BB-DE483528A45B}.Debug|x86.ActiveCfg = Debug|Any CPU
		{D5A92BB3-BFF9-461F-A8BB-DE483528A45B}.Debug|x86.Build.0 = Debug|Any CPU
		{D5A92BB3-BFF9-461F-A8BB-DE483528A45B}.Release|Any CPU.ActiveCfg = Release|Any CPU
		{D5A92BB3-BFF9-461F-A8BB-DE483528A45B}.Release|Any CPU.Build.0 = Release|Any CPU
		{D5A92BB3-BFF9-461F-A8BB-DE483528A45B}.Release|x64.ActiveCfg = Release|Any CPU
		{D5A92BB3-BFF9-461F-A8BB-DE483528A45B}.Release|x64.Build.0 = Release|Any CPU
		{D5A92BB3-BFF9-461F-A8BB-DE483528A45B}.Release|x86.ActiveCfg = Release|Any CPU
		{D5A92BB3-BFF9-461F-A8BB-DE483528A45B}.Release|x86.Build.0 = Release|Any CPU
		{AE1870F2-6246-457E-9B70-635A705AF6D9}.Debug|Any CPU.ActiveCfg = Debug|Any CPU
		{AE1870F2-6246-457E-9B70-635A705AF6D9}.Debug|Any CPU.Build.0 = Debug|Any CPU
		{AE1870F2-6246-457E-9B70-635A705AF6D9}.Debug|x64.ActiveCfg = Debug|Any CPU
		{AE1870F2-6246-457E-9B70-635A705AF6D9}.Debug|x64.Build.0 = Debug|Any CPU
		{AE1870F2-6246-457E-9B70-635A705AF6D9}.Debug|x86.ActiveCfg = Debug|Any CPU
		{AE1870F2-6246-457E-9B70-635A705AF6D9}.Debug|x86.Build.0 = Debug|Any CPU
		{AE1870F2-6246-457E-9B70-635A705AF6D9}.Release|Any CPU.ActiveCfg = Release|Any CPU
		{AE1870F2-6246-457E-9B70-635A705AF6D9}.Release|Any CPU.Build.0 = Release|Any CPU
		{AE1870F2-6246-457E-9B70-635A705AF6D9}.Release|x64.ActiveCfg = Release|Any CPU
		{AE1870F2-6246-457E-9B70-635A705AF6D9}.Release|x64.Build.0 = Release|Any CPU
		{AE1870F2-6246-457E-9B70-635A705AF6D9}.Release|x86.ActiveCfg = Release|Any CPU
		{AE1870F2-6246-457E-9B70-635A705AF6D9}.Release|x86.Build.0 = Release|Any CPU
		{AC1997F4-115A-4571-BAB4-9A9EAA488B2E}.Debug|Any CPU.ActiveCfg = Debug|Any CPU
		{AC1997F4-115A-4571-BAB4-9A9EAA488B2E}.Debug|Any CPU.Build.0 = Debug|Any CPU
		{AC1997F4-115A-4571-BAB4-9A9EAA488B2E}.Debug|x64.ActiveCfg = Debug|Any CPU
		{AC1997F4-115A-4571-BAB4-9A9EAA488B2E}.Debug|x64.Build.0 = Debug|Any CPU
		{AC1997F4-115A-4571-BAB4-9A9EAA488B2E}.Debug|x86.ActiveCfg = Debug|Any CPU
		{AC1997F4-115A-4571-BAB4-9A9EAA488B2E}.Debug|x86.Build.0 = Debug|Any CPU
		{AC1997F4-115A-4571-BAB4-9A9EAA488B2E}.Release|Any CPU.ActiveCfg = Release|Any CPU
		{AC1997F4-115A-4571-BAB4-9A9EAA488B2E}.Release|Any CPU.Build.0 = Release|Any CPU
		{AC1997F4-115A-4571-BAB4-9A9EAA488B2E}.Release|x64.ActiveCfg = Release|Any CPU
		{AC1997F4-115A-4571-BAB4-9A9EAA488B2E}.Release|x64.Build.0 = Release|Any CPU
		{AC1997F4-115A-4571-BAB4-9A9EAA488B2E}.Release|x86.ActiveCfg = Release|Any CPU
		{AC1997F4-115A-4571-BAB4-9A9EAA488B2E}.Release|x86.Build.0 = Release|Any CPU
		{448A5DE8-3218-4AAA-9199-087720E6FD6F}.Debug|Any CPU.ActiveCfg = Debug|Any CPU
		{448A5DE8-3218-4AAA-9199-087720E6FD6F}.Debug|Any CPU.Build.0 = Debug|Any CPU
		{448A5DE8-3218-4AAA-9199-087720E6FD6F}.Debug|x64.ActiveCfg = Debug|Any CPU
		{448A5DE8-3218-4AAA-9199-087720E6FD6F}.Debug|x64.Build.0 = Debug|Any CPU
		{448A5DE8-3218-4AAA-9199-087720E6FD6F}.Debug|x86.ActiveCfg = Debug|Any CPU
		{448A5DE8-3218-4AAA-9199-087720E6FD6F}.Debug|x86.Build.0 = Debug|Any CPU
		{448A5DE8-3218-4AAA-9199-087720E6FD6F}.Release|Any CPU.ActiveCfg = Release|Any CPU
		{448A5DE8-3218-4AAA-9199-087720E6FD6F}.Release|Any CPU.Build.0 = Release|Any CPU
		{448A5DE8-3218-4AAA-9199-087720E6FD6F}.Release|x64.ActiveCfg = Release|Any CPU
		{448A5DE8-3218-4AAA-9199-087720E6FD6F}.Release|x64.Build.0 = Release|Any CPU
		{448A5DE8-3218-4AAA-9199-087720E6FD6F}.Release|x86.ActiveCfg = Release|Any CPU
		{448A5DE8-3218-4AAA-9199-087720E6FD6F}.Release|x86.Build.0 = Release|Any CPU
		{9B3D6625-3EC3-4636-95AF-1D819EAD9B3E}.Debug|Any CPU.ActiveCfg = Debug|Any CPU
		{9B3D6625-3EC3-4636-95AF-1D819EAD9B3E}.Debug|Any CPU.Build.0 = Debug|Any CPU
		{9B3D6625-3EC3-4636-95AF-1D819EAD9B3E}.Debug|x64.ActiveCfg = Debug|Any CPU
		{9B3D6625-3EC3-4636-95AF-1D819EAD9B3E}.Debug|x64.Build.0 = Debug|Any CPU
		{9B3D6625-3EC3-4636-95AF-1D819EAD9B3E}.Debug|x86.ActiveCfg = Debug|Any CPU
		{9B3D6625-3EC3-4636-95AF-1D819EAD9B3E}.Debug|x86.Build.0 = Debug|Any CPU
		{9B3D6625-3EC3-4636-95AF-1D819EAD9B3E}.Release|Any CPU.ActiveCfg = Release|Any CPU
		{9B3D6625-3EC3-4636-95AF-1D819EAD9B3E}.Release|Any CPU.Build.0 = Release|Any CPU
		{9B3D6625-3EC3-4636-95AF-1D819EAD9B3E}.Release|x64.ActiveCfg = Release|Any CPU
		{9B3D6625-3EC3-4636-95AF-1D819EAD9B3E}.Release|x64.Build.0 = Release|Any CPU
		{9B3D6625-3EC3-4636-95AF-1D819EAD9B3E}.Release|x86.ActiveCfg = Release|Any CPU
		{9B3D6625-3EC3-4636-95AF-1D819EAD9B3E}.Release|x86.Build.0 = Release|Any CPU
	EndGlobalSection
	GlobalSection(SolutionProperties) = preSolution
		HideSolutionNode = FALSE
	EndGlobalSection
	GlobalSection(NestedProjects) = preSolution
		{D5A92BB3-BFF9-461F-A8BB-DE483528A45B} = {827E0CD3-B72D-47B6-A68D-7590B98EB39B}
		{AE1870F2-6246-457E-9B70-635A705AF6D9} = {827E0CD3-B72D-47B6-A68D-7590B98EB39B}
		{AC1997F4-115A-4571-BAB4-9A9EAA488B2E} = {827E0CD3-B72D-47B6-A68D-7590B98EB39B}
		{448A5DE8-3218-4AAA-9199-087720E6FD6F} = {827E0CD3-B72D-47B6-A68D-7590B98EB39B}
		{9B3D6625-3EC3-4636-95AF-1D819EAD9B3E} = {0AB3BF05-4346-4AA6-1389-037BE0695223}
	EndGlobalSection
EndGlobal
